{
  "name": "improbable-testing",
  "version": "1.0.0",
  "lockfileVersion": 1,
  "dependencies": {
    "selenium-server": {
      "version": "3.4.0",
      "resolved": "https://registry.npmjs.org/selenium-server/-/selenium-server-3.4.0.tgz",
      "integrity": "sha1-+TA2VtlWyNbIVuSUIWfg3sl/p6g="
    }
  }
}
